
Microsoft Visual Studio Solution File, Format Version 12.00
# Visual Studio Version 17
VisualStudioVersion = 17.14.36429.23 d17.14
MinimumVisualStudioVersion = 10.0.40219.1
Project("{8BC9CEB8-8B4A-11D0-8D11-00A0C91BC942}") = "Lab4", "Lab4\Lab4.vcxproj", "{0BFA1AF2-8E48-43E8-8A4B-B51E55DD5861}"
EndProject
Project("{8BC9CEB8-8B4A-11D0-8D11-00A0C91BC942}") = "task2", "task2.c\task2.c.vcxproj", "{7285C2F1-2742-46E6-BDA3-54900D8FF1C2}"
EndProject
Project("{8BC9CEB8-8B4A-11D0-8D11-00A0C91BC942}") = "task3", "task3\task3.vcxproj", "{767BCF25-5108-4EF8-9339-1637F22A9841}"
EndProject
Project("{8BC9CEB8-8B4A-11D0-8D11-00A0C91BC942}") = "task4", "task4\task4.vcxproj", "{80C916D9-28A8-4E25-ABE5-01DB2052D78B}"
EndProject
Global
	GlobalSection(SolutionConfigurationPlatforms) = preSolution
		Debug|x64 = Debug|x64
		Debug|x86 = Debug|x86
		Release|x64 = Release|x64
		Release|x86 = Release|x86
	EndGlobalSection
	GlobalSection(ProjectConfigurationPlatforms) = postSolution
		{0BFA1AF2-8E48-43E8-8A4B-B51E55DD5861}.Debug|x64.ActiveCfg = Debug|x64
		{0BFA1AF2-8E48-43E8-8A4B-B51E55DD5861}.Debug|x64.Build.0 = Debug|x64
		{0BFA1AF2-8E48-43E8-8A4B-B51E55DD5861}.Debug|x86.ActiveCfg = Debug|Win32
		{0BFA1AF2-8E48-43E8-8A4B-B51E55DD5861}.Debug|x86.Build.0 = Debug|Win32
		{0BFA1AF2-8E48-43E8-8A4B-B51E55DD5861}.Release|x64.ActiveCfg = Release|x64
		{0BFA1AF2-8E48-43E8-8A4B-B51E55DD5861}.Release|x64.Build.0 = Release|x64
		{0BFA1AF2-8E48-43E8-8A4B-B51E55DD5861}.Release|x86.ActiveCfg = Release|Win32
		{0BFA1AF2-8E48-43E8-8A4B-B51E55DD5861}.Release|x86.Build.0 = Release|Win32
		{7285C2F1-2742-46E6-BDA3-54900D8FF1C2}.Debug|x64.ActiveCfg = Debug|x64
		{7285C2F1-2742-46E6-BDA3-54900D8FF1C2}.Debug|x64.Build.0 = Debug|x64
		{7285C2F1-2742-46E6-BDA3-54900D8FF1C2}.Debug|x86.ActiveCfg = Debug|Win32
		{7285C2F1-2742-46E6-BDA3-54900D8FF1C2}.Debug|x86.Build.0 = Debug|Win32
		{7285C2F1-2742-46E6-BDA3-54900D8FF1C2}.Release|x64.ActiveCfg = Release|x64
		{7285C2F1-2742-46E6-BDA3-54900D8FF1C2}.Release|x64.Build.0 = Release|x64
		{7285C2F1-2742-46E6-BDA3-54900D8FF1C2}.Release|x86.ActiveCfg = Release|Win32
		{7285C2F1-2742-46E6-BDA3-54900D8FF1C2}.Release|x86.Build.0 = Release|Win32
		{767BCF25-5108-4EF8-9339-1637F22A9841}.Debug|x64.ActiveCfg = Debug|x64
		{767BCF25-5108-4EF8-9339-1637F22A9841}.Debug|x64.Build.0 = Debug|x64
		{767BCF25-5108-4EF8-9339-1637F22A9841}.Debug|x86.ActiveCfg = Debug|Win32
		{767BCF25-5108-4EF8-9339-1637F22A9841}.Debug|x86.Build.0 = Debug|Win32
		{767BCF25-5108-4EF8-9339-1637F22A9841}.Release|x64.ActiveCfg = Release|x64
		{767BCF25-5108-4EF8-9339-1637F22A9841}.Release|x64.Build.0 = Release|x64
		{767BCF25-5108-4EF8-9339-1637F22A9841}.Release|x86.ActiveCfg = Release|Win32
		{767BCF25-5108-4EF8-9339-1637F22A9841}.Release|x86.Build.0 = Release|Win32
		{80C916D9-28A8-4E25-ABE5-01DB2052D78B}.Debug|x64.ActiveCfg = Debug|x64
		{80C916D9-28A8-4E25-ABE5-01DB2052D78B}.Debug|x64.Build.0 = Debug|x64
		{80C916D9-28A8-4E25-ABE5-01DB2052D78B}.Debug|x86.ActiveCfg = Debug|Win32
		{80C916D9-28A8-4E25-ABE5-01DB2052D78B}.Debug|x86.Build.0 = Debug|Win32
		{80C916D9-28A8-4E25-ABE5-01DB2052D78B}.Release|x64.ActiveCfg = Release|x64
		{80C916D9-28A8-4E25-ABE5-01DB2052D78B}.Release|x64.Build.0 = Release|x64
		{80C916D9-28A8-4E25-ABE5-01DB2052D78B}.Release|x86.ActiveCfg = Release|Win32
		{80C916D9-28A8-4E25-ABE5-01DB2052D78B}.Release|x86.Build.0 = Release|Win32
	EndGlobalSection
	GlobalSection(SolutionProperties) = preSolution
		HideSolutionNode = FALSE
	EndGlobalSection
	GlobalSection(ExtensibilityGlobals) = postSolution
		SolutionGuid = {98214485-6D05-428C-8D5E-0F1AC655CBF0}
	EndGlobalSection
EndGlobal
